
Microsoft Visual Studio Solution File, Format Version 12.00
# Visual Studio Version 16
VisualStudioVersion = 16.0.31624.102
MinimumVisualStudioVersion = 10.0.40219.1
Project("{FAE04EC0-301F-11D3-BF4B-00C04F79EFBC}") = "ProjectVisitorsRegistration", "ProjectVisitorsRegistration.csproj", "{456B45C5-17F8-41B1-BC61-3A41C13817BD}"
EndProject
Global
	GlobalSection(SolutionConfigurationPlatforms) = preSolution
		Debug|Any CPU = Debug|Any CPU
		Release|Any CPU = Release|Any CPU
	EndGlobalSection
	GlobalSection(ProjectConfigurationPlatforms) = postSolution
		{456B45C5-17F8-41B1-BC61-3A41C13817BD}.Debug|Any CPU.ActiveCfg = Debug|Any CPU
		{456B45C5-17F8-41B1-BC61-3A41C13817BD}.Debug|Any CPU.Build.0 = Debug|Any CPU
		{456B45C5-17F8-41B1-BC61-3A41C13817BD}.Release|Any CPU.ActiveCfg = Release|Any CPU
		{456B45C5-17F8-41B1-BC61-3A41C13817BD}.Release|Any CPU.Build.0 = Release|Any CPU
	EndGlobalSection
	GlobalSection(SolutionProperties) = preSolution
		HideSolutionNode = FALSE
	EndGlobalSection
	GlobalSection(ExtensibilityGlobals) = postSolution
		SolutionGuid = {9040DA94-2EA6-49F5-9424-3C01F356812C}
	EndGlobalSection
EndGlobal
